PODS:
  - camera_avfoundation (0.0.1):
    - Flutter
  - Flutter (1.0.0)
  - nfc_manager (0.0.1):
    - Flutter

DEPENDENCIES:
  - camera_avfoundation (from `.symlinks/plugins/camera_avfoundation/ios`)
  - Flutter (from `Flutter`)
  - nfc_manager (from `.symlinks/plugins/nfc_manager/ios`)

EXTERNAL SOURCES:
  camera_avfoundation:
    :path: ".symlinks/plugins/camera_avfoundation/ios"
  Flutter:
    :path: Flutter
  nfc_manager:
    :path: ".symlinks/plugins/nfc_manager/ios"

SPEC CHECKSUMS:
  camera_avfoundation: dd002b0330f4981e1bbcb46ae9b62829237459a4
  Flutter: e0871f40cf51350855a761d2e70bf5af5b9b5de7
  nfc_manager: d7da7cb781f7744b94df5fe9dbca904ac4a0939e

PODFILE CHECKSUM: 819463e6a0290f5a72f145ba7cde16e8b6ef0796

COCOAPODS: 1.16.2
